
Microsoft Visual Studio Solution File, Format Version 12.00
# Visual Studio 14
VisualStudioVersion = 14.0.24720.0
MinimumVisualStudioVersion = 10.0.40219.1
Project("{FAE04EC0-301F-11D3-BF4B-00C04F79EFBC}") = "LandParserGenerator", "LandParserGenerator\LandParserGenerator.csproj", "{F1276A3B-A504-47A3-B858-8224EF265795}"
EndProject
Project("{FAE04EC0-301F-11D3-BF4B-00C04F79EFBC}") = "TestGUI", "TestGUI\TestGUI.csproj", "{8F271B4E-CC67-4661-B856-88ECA83464A4}"
EndProject
Global
	GlobalSection(SolutionConfigurationPlatforms) = preSolution
		Debug|Any CPU = Debug|Any CPU
		Release|Any CPU = Release|Any CPU
	EndGlobalSection
	GlobalSection(ProjectConfigurationPlatforms) = postSolution
		{F1276A3B-A504-47A3-B858-8224EF265795}.Debug|Any CPU.ActiveCfg = Debug|Any CPU
		{F1276A3B-A504-47A3-B858-8224EF265795}.Debug|Any CPU.Build.0 = Debug|Any CPU
		{F1276A3B-A504-47A3-B858-8224EF265795}.Release|Any CPU.ActiveCfg = Release|Any CPU
		{F1276A3B-A504-47A3-B858-8224EF265795}.Release|Any CPU.Build.0 = Release|Any CPU
		{8F271B4E-CC67-4661-B856-88ECA83464A4}.Debug|Any CPU.ActiveCfg = Debug|Any CPU
		{8F271B4E-CC67-4661-B856-88ECA83464A4}.Debug|Any CPU.Build.0 = Debug|Any CPU
		{8F271B4E-CC67-4661-B856-88ECA83464A4}.Release|Any CPU.ActiveCfg = Release|Any CPU
		{8F271B4E-CC67-4661-B856-88ECA83464A4}.Release|Any CPU.Build.0 = Release|Any CPU
	EndGlobalSection
	GlobalSection(SolutionProperties) = preSolution
		HideSolutionNode = FALSE
	EndGlobalSection
EndGlobal
